
Microsoft Visual Studio Solution File, Format Version 12.00
# Visual Studio 2013
VisualStudioVersion = 12.0.21005.1
MinimumVisualStudioVersion = 10.0.40219.1
Project("{FAE04EC0-301F-11D3-BF4B-00C04F79EFBC}") = "SimpleForkJoin", "SimpleForkJoin\SimpleForkJoin.csproj", "{19F32016-9B77-44FD-95D0-461A96E92F86}"
EndProject
Project("{FAE04EC0-301F-11D3-BF4B-00C04F79EFBC}") = "ParallelLoops", "ParallelLoops\ParallelLoops.csproj", "{F66DD6F1-6313-46CD-AD96-348582289C65}"
EndProject
Project("{FAE04EC0-301F-11D3-BF4B-00C04F79EFBC}") = "Pipeline", "Pipeline\Pipeline.csproj", "{D265217A-3743-4CDE-A0A1-E717D7C7607F}"
EndProject
Project("{FAE04EC0-301F-11D3-BF4B-00C04F79EFBC}") = "ParallelUtil", "ParallelUtil\ParallelUtil.csproj", "{0EE8E63E-696D-49EF-AE54-D0F6E91D3526}"
EndProject
Project("{FAE04EC0-301F-11D3-BF4B-00C04F79EFBC}") = "SimplePlinq", "SimplePlinq\SimplePlinq.csproj", "{FB998D2D-14EF-4BE2-A249-1F71E6C70DD7}"
EndProject
Project("{FAE04EC0-301F-11D3-BF4B-00C04F79EFBC}") = "GeometricDecomposition", "GeometricDecomposition\GeometricDecomposition.csproj", "{E5F9C7A9-BB88-4D6E-B9D2-FFE5C875FBDE}"
EndProject
Global
	GlobalSection(SolutionConfigurationPlatforms) = preSolution
		Debug|Any CPU = Debug|Any CPU
		Debug|Mixed Platforms = Debug|Mixed Platforms
		Debug|x86 = Debug|x86
		Release|Any CPU = Release|Any CPU
		Release|Mixed Platforms = Release|Mixed Platforms
		Release|x86 = Release|x86
	EndGlobalSection
	GlobalSection(ProjectConfigurationPlatforms) = postSolution
		{19F32016-9B77-44FD-95D0-461A96E92F86}.Debug|Any CPU.ActiveCfg = Debug|Any CPU
		{19F32016-9B77-44FD-95D0-461A96E92F86}.Debug|Any CPU.Build.0 = Debug|Any CPU
		{19F32016-9B77-44FD-95D0-461A96E92F86}.Debug|Mixed Platforms.ActiveCfg = Debug|Any CPU
		{19F32016-9B77-44FD-95D0-461A96E92F86}.Debug|Mixed Platforms.Build.0 = Debug|Any CPU
		{19F32016-9B77-44FD-95D0-461A96E92F86}.Debug|x86.ActiveCfg = Debug|Any CPU
		{19F32016-9B77-44FD-95D0-461A96E92F86}.Release|Any CPU.ActiveCfg = Release|Any CPU
		{19F32016-9B77-44FD-95D0-461A96E92F86}.Release|Any CPU.Build.0 = Release|Any CPU
		{19F32016-9B77-44FD-95D0-461A96E92F86}.Release|Mixed Platforms.ActiveCfg = Release|Any CPU
		{19F32016-9B77-44FD-95D0-461A96E92F86}.Release|Mixed Platforms.Build.0 = Release|Any CPU
		{19F32016-9B77-44FD-95D0-461A96E92F86}.Release|x86.ActiveCfg = Release|Any CPU
		{F66DD6F1-6313-46CD-AD96-348582289C65}.Debug|Any CPU.ActiveCfg = Debug|Any CPU
		{F66DD6F1-6313-46CD-AD96-348582289C65}.Debug|Any CPU.Build.0 = Debug|Any CPU
		{F66DD6F1-6313-46CD-AD96-348582289C65}.Debug|Mixed Platforms.ActiveCfg = Debug|Any CPU
		{F66DD6F1-6313-46CD-AD96-348582289C65}.Debug|Mixed Platforms.Build.0 = Debug|Any CPU
		{F66DD6F1-6313-46CD-AD96-348582289C65}.Debug|x86.ActiveCfg = Debug|Any CPU
		{F66DD6F1-6313-46CD-AD96-348582289C65}.Release|Any CPU.ActiveCfg = Release|Any CPU
		{F66DD6F1-6313-46CD-AD96-348582289C65}.Release|Any CPU.Build.0 = Release|Any CPU
		{F66DD6F1-6313-46CD-AD96-348582289C65}.Release|Mixed Platforms.ActiveCfg = Release|Any CPU
		{F66DD6F1-6313-46CD-AD96-348582289C65}.Release|Mixed Platforms.Build.0 = Release|Any CPU
		{F66DD6F1-6313-46CD-AD96-348582289C65}.Release|x86.ActiveCfg = Release|Any CPU
		{D265217A-3743-4CDE-A0A1-E717D7C7607F}.Debug|Any CPU.ActiveCfg = Debug|Any CPU
		{D265217A-3743-4CDE-A0A1-E717D7C7607F}.Debug|Any CPU.Build.0 = Debug|Any CPU
		{D265217A-3743-4CDE-A0A1-E717D7C7607F}.Debug|Mixed Platforms.ActiveCfg = Debug|Any CPU
		{D265217A-3743-4CDE-A0A1-E717D7C7607F}.Debug|Mixed Platforms.Build.0 = Debug|Any CPU
		{D265217A-3743-4CDE-A0A1-E717D7C7607F}.Debug|x86.ActiveCfg = Debug|Any CPU
		{D265217A-3743-4CDE-A0A1-E717D7C7607F}.Release|Any CPU.ActiveCfg = Release|Any CPU
		{D265217A-3743-4CDE-A0A1-E717D7C7607F}.Release|Any CPU.Build.0 = Release|Any CPU
		{D265217A-3743-4CDE-A0A1-E717D7C7607F}.Release|Mixed Platforms.ActiveCfg = Release|Any CPU
		{D265217A-3743-4CDE-A0A1-E717D7C7607F}.Release|Mixed Platforms.Build.0 = Release|Any CPU
		{D265217A-3743-4CDE-A0A1-E717D7C7607F}.Release|x86.ActiveCfg = Release|Any CPU
		{0EE8E63E-696D-49EF-AE54-D0F6E91D3526}.Debug|Any CPU.ActiveCfg = Debug|x86
		{0EE8E63E-696D-49EF-AE54-D0F6E91D3526}.Debug|Mixed Platforms.ActiveCfg = Debug|x86
		{0EE8E63E-696D-49EF-AE54-D0F6E91D3526}.Debug|Mixed Platforms.Build.0 = Debug|x86
		{0EE8E63E-696D-49EF-AE54-D0F6E91D3526}.Debug|x86.ActiveCfg = Debug|x86
		{0EE8E63E-696D-49EF-AE54-D0F6E91D3526}.Debug|x86.Build.0 = Debug|x86
		{0EE8E63E-696D-49EF-AE54-D0F6E91D3526}.Release|Any CPU.ActiveCfg = Release|x86
		{0EE8E63E-696D-49EF-AE54-D0F6E91D3526}.Release|Mixed Platforms.ActiveCfg = Release|x86
		{0EE8E63E-696D-49EF-AE54-D0F6E91D3526}.Release|Mixed Platforms.Build.0 = Release|x86
		{0EE8E63E-696D-49EF-AE54-D0F6E91D3526}.Release|x86.ActiveCfg = Release|x86
		{0EE8E63E-696D-49EF-AE54-D0F6E91D3526}.Release|x86.Build.0 = Release|x86
		{FB998D2D-14EF-4BE2-A249-1F71E6C70DD7}.Debug|Any CPU.ActiveCfg = Debug|Any CPU
		{FB998D2D-14EF-4BE2-A249-1F71E6C70DD7}.Debug|Any CPU.Build.0 = Debug|Any CPU
		{FB998D2D-14EF-4BE2-A249-1F71E6C70DD7}.Debug|Mixed Platforms.ActiveCfg = Debug|Any CPU
		{FB998D2D-14EF-4BE2-A249-1F71E6C70DD7}.Debug|Mixed Platforms.Build.0 = Debug|Any CPU
		{FB998D2D-14EF-4BE2-A249-1F71E6C70DD7}.Debug|x86.ActiveCfg = Debug|Any CPU
		{FB998D2D-14EF-4BE2-A249-1F71E6C70DD7}.Release|Any CPU.ActiveCfg = Release|Any CPU
		{FB998D2D-14EF-4BE2-A249-1F71E6C70DD7}.Release|Any CPU.Build.0 = Release|Any CPU
		{FB998D2D-14EF-4BE2-A249-1F71E6C70DD7}.Release|Mixed Platforms.ActiveCfg = Release|Any CPU
		{FB998D2D-14EF-4BE2-A249-1F71E6C70DD7}.Release|Mixed Platforms.Build.0 = Release|Any CPU
		{FB998D2D-14EF-4BE2-A249-1F71E6C70DD7}.Release|x86.ActiveCfg = Release|Any CPU
		{E5F9C7A9-BB88-4D6E-B9D2-FFE5C875FBDE}.Debug|Any CPU.ActiveCfg = Debug|x86
		{E5F9C7A9-BB88-4D6E-B9D2-FFE5C875FBDE}.Debug|Mixed Platforms.ActiveCfg = Debug|x86
		{E5F9C7A9-BB88-4D6E-B9D2-FFE5C875FBDE}.Debug|Mixed Platforms.Build.0 = Debug|x86
		{E5F9C7A9-BB88-4D6E-B9D2-FFE5C875FBDE}.Debug|x86.ActiveCfg = Debug|x86
		{E5F9C7A9-BB88-4D6E-B9D2-FFE5C875FBDE}.Debug|x86.Build.0 = Debug|x86
		{E5F9C7A9-BB88-4D6E-B9D2-FFE5C875FBDE}.Release|Any CPU.ActiveCfg = Release|x86
		{E5F9C7A9-BB88-4D6E-B9D2-FFE5C875FBDE}.Release|Mixed Platforms.ActiveCfg = Release|x86
		{E5F9C7A9-BB88-4D6E-B9D2-FFE5C875FBDE}.Release|Mixed Platforms.Build.0 = Release|x86
		{E5F9C7A9-BB88-4D6E-B9D2-FFE5C875FBDE}.Release|x86.ActiveCfg = Release|x86
		{E5F9C7A9-BB88-4D6E-B9D2-FFE5C875FBDE}.Release|x86.Build.0 = Release|x86
	EndGlobalSection
	GlobalSection(SolutionProperties) = preSolution
		HideSolutionNode = FALSE
	EndGlobalSection
EndGlobal
