
Microsoft Visual Studio Solution File, Format Version 11.00
# Visual Studio 2010
Project("{FAE04EC0-301F-11D3-BF4B-00C04F79EFBC}") = "Fundamentals", "Fundamentals\Fundamentals.csproj", "{FB28D1CE-BC2A-4DBE-ADC9-B2EF329FCC30}"
EndProject
Project("{E24C65DC-7377-472B-9ABA-BC803B73C61A}") = "Fundamentals.Web", "Fundamentals.Web\", "{23B9F6EE-778F-43A8-8F7F-099DAB0D7EFB}"
	ProjectSection(WebsiteProperties) = preProject
		TargetFrameworkMoniker = ".NETFramework,Version%3Dv4.0"
		Debug.AspNetCompiler.VirtualPath = "/Fundamentals.Web"
		Debug.AspNetCompiler.PhysicalPath = "Fundamentals.Web\"
		Debug.AspNetCompiler.TargetPath = "PrecompiledWeb\Fundamentals.Web\"
		Debug.AspNetCompiler.Updateable = "true"
		Debug.AspNetCompiler.ForceOverwrite = "true"
		Debug.AspNetCompiler.FixedNames = "false"
		Debug.AspNetCompiler.Debug = "True"
		Release.AspNetCompiler.VirtualPath = "/Fundamentals.Web"
		Release.AspNetCompiler.PhysicalPath = "Fundamentals.Web\"
		Release.AspNetCompiler.TargetPath = "PrecompiledWeb\Fundamentals.Web\"
		Release.AspNetCompiler.Updateable = "true"
		Release.AspNetCompiler.ForceOverwrite = "true"
		Release.AspNetCompiler.FixedNames = "false"
		Release.AspNetCompiler.Debug = "False"
		VWDPort = "21854"
		DefaultWebSiteLanguage = "Visual C#"
		ProjOutputReferences = "{FB28D1CE-BC2A-4DBE-ADC9-B2EF329FCC30}|ClientBin|false;"
	EndProjectSection
EndProject
Global
	GlobalSection(SolutionConfigurationPlatforms) = preSolution
		Debug|Any CPU = Debug|Any CPU
		Release|Any CPU = Release|Any CPU
	EndGlobalSection
	GlobalSection(ProjectConfigurationPlatforms) = postSolution
		{FB28D1CE-BC2A-4DBE-ADC9-B2EF329FCC30}.Debug|Any CPU.ActiveCfg = Debug|Any CPU
		{FB28D1CE-BC2A-4DBE-ADC9-B2EF329FCC30}.Debug|Any CPU.Build.0 = Debug|Any CPU
		{FB28D1CE-BC2A-4DBE-ADC9-B2EF329FCC30}.Release|Any CPU.ActiveCfg = Release|Any CPU
		{FB28D1CE-BC2A-4DBE-ADC9-B2EF329FCC30}.Release|Any CPU.Build.0 = Release|Any CPU
		{23B9F6EE-778F-43A8-8F7F-099DAB0D7EFB}.Debug|Any CPU.ActiveCfg = Debug|Any CPU
		{23B9F6EE-778F-43A8-8F7F-099DAB0D7EFB}.Debug|Any CPU.Build.0 = Debug|Any CPU
		{23B9F6EE-778F-43A8-8F7F-099DAB0D7EFB}.Release|Any CPU.ActiveCfg = Debug|Any CPU
		{23B9F6EE-778F-43A8-8F7F-099DAB0D7EFB}.Release|Any CPU.Build.0 = Debug|Any CPU
	EndGlobalSection
	GlobalSection(SolutionProperties) = preSolution
		HideSolutionNode = FALSE
	EndGlobalSection
EndGlobal
