
Microsoft Visual Studio Solution File, Format Version 10.00
# Visual Web Developer Express 2008
Project("{E24C65DC-7377-472B-9ABA-BC803B73C61A}") = "WcfAjax", "http://localhost/WcfAjax", "{FD3998AF-587A-44B9-9534-D16FD20EBD04}"
	ProjectSection(WebsiteProperties) = preProject
		TargetFramework = "3.5"
		Debug.AspNetCompiler.VirtualPath = "/WcfAjax"
		Debug.AspNetCompiler.PhysicalPath = "WcfAjax\"
		Debug.AspNetCompiler.TargetPath = "PrecompiledWeb\WcfAjax\"
		Debug.AspNetCompiler.Updateable = "true"
		Debug.AspNetCompiler.ForceOverwrite = "true"
		Debug.AspNetCompiler.FixedNames = "false"
		Debug.AspNetCompiler.Debug = "True"
		Release.AspNetCompiler.VirtualPath = "/WcfAjax"
		Release.AspNetCompiler.PhysicalPath = "WcfAjax\"
		Release.AspNetCompiler.TargetPath = "PrecompiledWeb\WcfAjax\"
		Release.AspNetCompiler.Updateable = "true"
		Release.AspNetCompiler.ForceOverwrite = "true"
		Release.AspNetCompiler.FixedNames = "false"
		Release.AspNetCompiler.Debug = "False"
		SlnRelativePath = "WcfAjax\"
	EndProjectSection
EndProject
Global
	GlobalSection(SolutionConfigurationPlatforms) = preSolution
		Debug|.NET = Debug|.NET
	EndGlobalSection
	GlobalSection(ProjectConfigurationPlatforms) = postSolution
		{FD3998AF-587A-44B9-9534-D16FD20EBD04}.Debug|.NET.ActiveCfg = Debug|.NET
		{FD3998AF-587A-44B9-9534-D16FD20EBD04}.Debug|.NET.Build.0 = Debug|.NET
	EndGlobalSection
	GlobalSection(SolutionProperties) = preSolution
		HideSolutionNode = FALSE
	EndGlobalSection
EndGlobal
