
Microsoft Visual Studio Solution File, Format Version 12.00
# Visual Studio 2013
VisualStudioVersion = 12.0.21005.1
MinimumVisualStudioVersion = 10.0.40219.1
Project("{FAE04EC0-301F-11D3-BF4B-00C04F79EFBC}") = "ToDoOrNotToDo", "ToDoOrNotToDo\ToDoOrNotToDo.csproj", "{81E979BA-9EC1-4565-896C-9B55D7A2FE7A}"
EndProject
Project("{FAE04EC0-301F-11D3-BF4B-00C04F79EFBC}") = "MVVM", "MVVM\MVVM.csproj", "{F76EEDFC-A974-440C-B7F1-205256429231}"
EndProject
Project("{FAE04EC0-301F-11D3-BF4B-00C04F79EFBC}") = "ToDo.Test", "ToDo.Test\ToDo.Test.csproj", "{DFFAE755-8B93-414C-ABF7-439F8C4437DD}"
EndProject
Global
	GlobalSection(SolutionConfigurationPlatforms) = preSolution
		Debug|Any CPU = Debug|Any CPU
		Release|Any CPU = Release|Any CPU
	EndGlobalSection
	GlobalSection(ProjectConfigurationPlatforms) = postSolution
		{81E979BA-9EC1-4565-896C-9B55D7A2FE7A}.Debug|Any CPU.ActiveCfg = Debug|Any CPU
		{81E979BA-9EC1-4565-896C-9B55D7A2FE7A}.Debug|Any CPU.Build.0 = Debug|Any CPU
		{81E979BA-9EC1-4565-896C-9B55D7A2FE7A}.Release|Any CPU.ActiveCfg = Release|Any CPU
		{81E979BA-9EC1-4565-896C-9B55D7A2FE7A}.Release|Any CPU.Build.0 = Release|Any CPU
		{F76EEDFC-A974-440C-B7F1-205256429231}.Debug|Any CPU.ActiveCfg = Debug|Any CPU
		{F76EEDFC-A974-440C-B7F1-205256429231}.Debug|Any CPU.Build.0 = Debug|Any CPU
		{F76EEDFC-A974-440C-B7F1-205256429231}.Release|Any CPU.ActiveCfg = Release|Any CPU
		{F76EEDFC-A974-440C-B7F1-205256429231}.Release|Any CPU.Build.0 = Release|Any CPU
		{DFFAE755-8B93-414C-ABF7-439F8C4437DD}.Debug|Any CPU.ActiveCfg = Debug|Any CPU
		{DFFAE755-8B93-414C-ABF7-439F8C4437DD}.Debug|Any CPU.Build.0 = Debug|Any CPU
		{DFFAE755-8B93-414C-ABF7-439F8C4437DD}.Release|Any CPU.ActiveCfg = Release|Any CPU
		{DFFAE755-8B93-414C-ABF7-439F8C4437DD}.Release|Any CPU.Build.0 = Release|Any CPU
	EndGlobalSection
	GlobalSection(SolutionProperties) = preSolution
		HideSolutionNode = FALSE
	EndGlobalSection
EndGlobal
