
Microsoft Visual Studio Solution File, Format Version 12.00
# Visual Studio 2013
VisualStudioVersion = 12.0.21005.1
MinimumVisualStudioVersion = 10.0.40219.1
Project("{FAE04EC0-301F-11D3-BF4B-00C04F79EFBC}") = "Basics", "Basics\Basics.csproj", "{C2C181EB-D03F-45DE-BA1E-0D10928D5931}"
EndProject
Project("{FAE04EC0-301F-11D3-BF4B-00C04F79EFBC}") = "Cancelling", "Cancelling\Cancelling.csproj", "{701E9862-8329-4603-922E-83C89083ED49}"
EndProject
Project("{FAE04EC0-301F-11D3-BF4B-00C04F79EFBC}") = "ParentChild", "ParentChild\ParentChild.csproj", "{C9E5FF10-EB3A-4C68-91A2-2A2666284B0A}"
EndProject
Project("{FAE04EC0-301F-11D3-BF4B-00C04F79EFBC}") = "Chaining", "Chaining\Chaining.csproj", "{E19E70E5-9240-4409-9F2B-0D59F0C6206E}"
EndProject
Project("{FAE04EC0-301F-11D3-BF4B-00C04F79EFBC}") = "ThreadedUi", "ThreadedUi\ThreadedUi.csproj", "{659AF02E-60ED-4527-9522-D308B24C5031}"
EndProject
Global
	GlobalSection(SolutionConfigurationPlatforms) = preSolution
		Debug|Any CPU = Debug|Any CPU
		Release|Any CPU = Release|Any CPU
	EndGlobalSection
	GlobalSection(ProjectConfigurationPlatforms) = postSolution
		{C2C181EB-D03F-45DE-BA1E-0D10928D5931}.Debug|Any CPU.ActiveCfg = Debug|Any CPU
		{C2C181EB-D03F-45DE-BA1E-0D10928D5931}.Debug|Any CPU.Build.0 = Debug|Any CPU
		{C2C181EB-D03F-45DE-BA1E-0D10928D5931}.Release|Any CPU.ActiveCfg = Release|Any CPU
		{C2C181EB-D03F-45DE-BA1E-0D10928D5931}.Release|Any CPU.Build.0 = Release|Any CPU
		{701E9862-8329-4603-922E-83C89083ED49}.Debug|Any CPU.ActiveCfg = Debug|Any CPU
		{701E9862-8329-4603-922E-83C89083ED49}.Debug|Any CPU.Build.0 = Debug|Any CPU
		{701E9862-8329-4603-922E-83C89083ED49}.Release|Any CPU.ActiveCfg = Release|Any CPU
		{701E9862-8329-4603-922E-83C89083ED49}.Release|Any CPU.Build.0 = Release|Any CPU
		{C9E5FF10-EB3A-4C68-91A2-2A2666284B0A}.Debug|Any CPU.ActiveCfg = Debug|Any CPU
		{C9E5FF10-EB3A-4C68-91A2-2A2666284B0A}.Debug|Any CPU.Build.0 = Debug|Any CPU
		{C9E5FF10-EB3A-4C68-91A2-2A2666284B0A}.Release|Any CPU.ActiveCfg = Release|Any CPU
		{C9E5FF10-EB3A-4C68-91A2-2A2666284B0A}.Release|Any CPU.Build.0 = Release|Any CPU
		{E19E70E5-9240-4409-9F2B-0D59F0C6206E}.Debug|Any CPU.ActiveCfg = Debug|Any CPU
		{E19E70E5-9240-4409-9F2B-0D59F0C6206E}.Debug|Any CPU.Build.0 = Debug|Any CPU
		{E19E70E5-9240-4409-9F2B-0D59F0C6206E}.Release|Any CPU.ActiveCfg = Release|Any CPU
		{E19E70E5-9240-4409-9F2B-0D59F0C6206E}.Release|Any CPU.Build.0 = Release|Any CPU
		{659AF02E-60ED-4527-9522-D308B24C5031}.Debug|Any CPU.ActiveCfg = Debug|Any CPU
		{659AF02E-60ED-4527-9522-D308B24C5031}.Debug|Any CPU.Build.0 = Debug|Any CPU
		{659AF02E-60ED-4527-9522-D308B24C5031}.Release|Any CPU.ActiveCfg = Release|Any CPU
		{659AF02E-60ED-4527-9522-D308B24C5031}.Release|Any CPU.Build.0 = Release|Any CPU
	EndGlobalSection
	GlobalSection(SolutionProperties) = preSolution
		HideSolutionNode = FALSE
	EndGlobalSection
EndGlobal
