
Microsoft Visual Studio Solution File, Format Version 12.00
# Visual Studio 2012
Project("{FAE04EC0-301F-11D3-BF4B-00C04F79EFBC}") = "Services", "Services\Services.csproj", "{ECC7A8C9-E2B6-4C0E-B643-E1C26206A64F}"
EndProject
Project("{FAE04EC0-301F-11D3-BF4B-00C04F79EFBC}") = "ThirdParty", "ThirdParty\ThirdParty.csproj", "{45B97FCA-7252-41E7-A6EE-33E75F8B123F}"
EndProject
Project("{FAE04EC0-301F-11D3-BF4B-00C04F79EFBC}") = "Services.Test", "Services.Test\Services.Test.csproj", "{2080B83C-FF72-4D48-95FF-4E2ADC94C1A0}"
EndProject
Global
	GlobalSection(SolutionConfigurationPlatforms) = preSolution
		Debug|Any CPU = Debug|Any CPU
		Release|Any CPU = Release|Any CPU
	EndGlobalSection
	GlobalSection(ProjectConfigurationPlatforms) = postSolution
		{ECC7A8C9-E2B6-4C0E-B643-E1C26206A64F}.Debug|Any CPU.ActiveCfg = Debug|Any CPU
		{ECC7A8C9-E2B6-4C0E-B643-E1C26206A64F}.Debug|Any CPU.Build.0 = Debug|Any CPU
		{ECC7A8C9-E2B6-4C0E-B643-E1C26206A64F}.Release|Any CPU.ActiveCfg = Release|Any CPU
		{ECC7A8C9-E2B6-4C0E-B643-E1C26206A64F}.Release|Any CPU.Build.0 = Release|Any CPU
		{45B97FCA-7252-41E7-A6EE-33E75F8B123F}.Debug|Any CPU.ActiveCfg = Debug|Any CPU
		{45B97FCA-7252-41E7-A6EE-33E75F8B123F}.Debug|Any CPU.Build.0 = Debug|Any CPU
		{45B97FCA-7252-41E7-A6EE-33E75F8B123F}.Release|Any CPU.ActiveCfg = Release|Any CPU
		{45B97FCA-7252-41E7-A6EE-33E75F8B123F}.Release|Any CPU.Build.0 = Release|Any CPU
		{2080B83C-FF72-4D48-95FF-4E2ADC94C1A0}.Debug|Any CPU.ActiveCfg = Debug|Any CPU
		{2080B83C-FF72-4D48-95FF-4E2ADC94C1A0}.Debug|Any CPU.Build.0 = Debug|Any CPU
		{2080B83C-FF72-4D48-95FF-4E2ADC94C1A0}.Release|Any CPU.ActiveCfg = Release|Any CPU
		{2080B83C-FF72-4D48-95FF-4E2ADC94C1A0}.Release|Any CPU.Build.0 = Release|Any CPU
	EndGlobalSection
	GlobalSection(SolutionProperties) = preSolution
		HideSolutionNode = FALSE
	EndGlobalSection
	GlobalSection(ExtensibilityGlobals) = postSolution
		EnterpriseLibraryConfigurationToolBinariesPath = packages\Unity.2.1.505.2\lib\NET35
	EndGlobalSection
EndGlobal
